
Microsoft Visual Studio Solution File, Format Version 12.00
# Visual Studio Version 16
VisualStudioVersion = 16.0.33027.164
MinimumVisualStudioVersion = 10.0.40219.1
Project("{FAE04EC0-301F-11D3-BF4B-00C04F79EFBC}") = "algo-studying-izhar-mashkif", "algo-studying-izhar-mashkif\algo-studying-izhar-mashkif.csproj", "{B569C15E-BE51-4441-BBE7-34F150E48A19}"
EndProject
Global
	GlobalSection(SolutionConfigurationPlatforms) = preSolution
		Debug|Any CPU = Debug|Any CPU
		Release|Any CPU = Release|Any CPU
	EndGlobalSection
	GlobalSection(ProjectConfigurationPlatforms) = postSolution
		{B569C15E-BE51-4441-BBE7-34F150E48A19}.Debug|Any CPU.ActiveCfg = Debug|Any CPU
		{B569C15E-BE51-4441-BBE7-34F150E48A19}.Debug|Any CPU.Build.0 = Debug|Any CPU
		{B569C15E-BE51-4441-BBE7-34F150E48A19}.Release|Any CPU.ActiveCfg = Release|Any CPU
		{B569C15E-BE51-4441-BBE7-34F150E48A19}.Release|Any CPU.Build.0 = Release|Any CPU
	EndGlobalSection
	GlobalSection(SolutionProperties) = preSolution
		HideSolutionNode = FALSE
	EndGlobalSection
	GlobalSection(ExtensibilityGlobals) = postSolution
		SolutionGuid = {533D846B-CF69-4452-9E0B-B2EC51548D9D}
	EndGlobalSection
EndGlobal
